{
  "name": "bulk-qrcode",
  "version": "1.0.0",
  "lockfileVersion": 3,
  "requires": true,
  "packages": {
    "": {
      "name": "bulk-qrcode",
      "version": "1.0.0",
      "license": "ISC",
      "dependencies": {
        "minimist": "^1.2.8",
        "qrcode-base64": "^1.0.1"
      }
    },
    "node_modules/minimist": {
      "version": "1.2.8",
      "resolved": "https://registry.npmjs.org/minimist/-/minimist-1.2.8.tgz",
      "integrity": "sha512-2yyAR8qBkN3YuheJanUpWC5U3bb5osDywNB8RzDVlDwDHbocAJveqqj1u8+SVD7jkWT4yvsHCpWqqWqAxb0zCA==",
      "funding": {
        "url": "https://github.com/sponsors/ljharb"
      }
    },
    "node_modules/qrcode-base64": {
      "version": "1.0.1",
      "resolved": "https://registry.npmjs.org/qrcode-base64/-/qrcode-base64-1.0.1.tgz",
      "integrity": "sha512-B0BDmnRSvbj47Nq/+IeZjj22afNrf4rwIloNrSXN6OwnkoO+Q0hsUa53gCEfqNQjx+OcytF3azvQhi6wV2Tk6g=="
    }
  }
}
